
Microsoft Visual Studio Solution File, Format Version 12.00
# Visual Studio 15
VisualStudioVersion = 15.0.28307.2092
MinimumVisualStudioVersion = 10.0.40219.1
Project("{8BC9CEB8-8B4A-11D0-8D11-00A0C91BC942}") = "TensorRT_ONNX", "TensorRT_ONNX\TensorRT_ONNX.vcxproj", "{DD4A53C4-6DD2-4CB7-92CA-9A80C318C65F}"
EndProject
Global
	GlobalSection(SolutionConfigurationPlatforms) = preSolution
		Debug|x64 = Debug|x64
		Release|x64 = Release|x64
	EndGlobalSection
	GlobalSection(ProjectConfigurationPlatforms) = postSolution
		{DD4A53C4-6DD2-4CB7-92CA-9A80C318C65F}.Debug|x64.ActiveCfg = Debug|x64
		{DD4A53C4-6DD2-4CB7-92CA-9A80C318C65F}.Debug|x64.Build.0 = Debug|x64
		{DD4A53C4-6DD2-4CB7-92CA-9A80C318C65F}.Release|x64.ActiveCfg = Release|x64
		{DD4A53C4-6DD2-4CB7-92CA-9A80C318C65F}.Release|x64.Build.0 = Release|x64
	EndGlobalSection
	GlobalSection(SolutionProperties) = preSolution
		HideSolutionNode = FALSE
	EndGlobalSection
	GlobalSection(ExtensibilityGlobals) = postSolution
		SolutionGuid = {90026275-66B3-4C66-B924-0271FF05D8B3}
	EndGlobalSection
EndGlobal
